
Microsoft Visual Studio Solution File, Format Version 12.00
# Visual Studio 2012
Project("{FAE04EC0-301F-11D3-BF4B-00C04F79EFBC}") = "SocketServer", "SocketServer\SocketServer.csproj", "{9195DD98-D138-4651-9849-342BD6AFE7E9}"
EndProject
Project("{FAE04EC0-301F-11D3-BF4B-00C04F79EFBC}") = "SocketClient", "Client\SocketClient.csproj", "{C25B5C1A-08EE-4F81-92E3-69657C50E5E5}"
EndProject
Project("{FAE04EC0-301F-11D3-BF4B-00C04F79EFBC}") = "MultiThreadingPractice", "Practice\MultiThreadingPractice.csproj", "{E6FA7ED6-643B-4FBA-95A3-81DAD3FE6C73}"
EndProject
Global
	GlobalSection(SolutionConfigurationPlatforms) = preSolution
		Debug|Any CPU = Debug|Any CPU
		Release|Any CPU = Release|Any CPU
	EndGlobalSection
	GlobalSection(ProjectConfigurationPlatforms) = postSolution
		{9195DD98-D138-4651-9849-342BD6AFE7E9}.Debug|Any CPU.ActiveCfg = Debug|Any CPU
		{9195DD98-D138-4651-9849-342BD6AFE7E9}.Debug|Any CPU.Build.0 = Debug|Any CPU
		{9195DD98-D138-4651-9849-342BD6AFE7E9}.Release|Any CPU.ActiveCfg = Release|Any CPU
		{9195DD98-D138-4651-9849-342BD6AFE7E9}.Release|Any CPU.Build.0 = Release|Any CPU
		{C25B5C1A-08EE-4F81-92E3-69657C50E5E5}.Debug|Any CPU.ActiveCfg = Debug|Any CPU
		{C25B5C1A-08EE-4F81-92E3-69657C50E5E5}.Debug|Any CPU.Build.0 = Debug|Any CPU
		{C25B5C1A-08EE-4F81-92E3-69657C50E5E5}.Release|Any CPU.ActiveCfg = Release|Any CPU
		{C25B5C1A-08EE-4F81-92E3-69657C50E5E5}.Release|Any CPU.Build.0 = Release|Any CPU
		{E6FA7ED6-643B-4FBA-95A3-81DAD3FE6C73}.Debug|Any CPU.ActiveCfg = Debug|Any CPU
		{E6FA7ED6-643B-4FBA-95A3-81DAD3FE6C73}.Debug|Any CPU.Build.0 = Debug|Any CPU
		{E6FA7ED6-643B-4FBA-95A3-81DAD3FE6C73}.Release|Any CPU.ActiveCfg = Release|Any CPU
		{E6FA7ED6-643B-4FBA-95A3-81DAD3FE6C73}.Release|Any CPU.Build.0 = Release|Any CPU
	EndGlobalSection
EndGlobal
